// !$*UTF8*$!
{
	archiveVersion = 1;
	classes = {
	};
	objectVersion = 46;
	objects = {

/* Begin PBXBuildFile section */
		5D517AD7169E1B82005504C3 /* UIKit.framework in Frameworks */ = {isa = PBXBuildFile; fileRef = 5D517AD6169E1B82005504C3 /* UIKit.framework */; };
		5D517AD9169E1B82005504C3 /* Foundation.framework in Frameworks */ = {isa = PBXBuildFile; fileRef = 5D517AD8169E1B82005504C3 /* Foundation.framework */; };
		5D517ADB169E1B82005504C3 /* CoreGraphics.framework in Frameworks */ = {isa = PBXBuildFile; fileRef = 5D517ADA169E1B82005504C3 /* CoreGraphics.framework */; };
		5D517AE1169E1B82005504C3 /* InfoPlist.strings in Resources */ = {isa = PBXBuildFile; fileRef = 5D517ADF169E1B82005504C3 /* InfoPlist.strings */; };
		5D517AE3169E1B82005504C3 /* main.m in Sources */ = {isa = PBXBuildFile; fileRef = 5D517AE2169E1B82005504C3 /* main.m */; };
		5D517AE7169E1B82005504C3 /* AppDelegate.m in Sources */ = {isa = PBXBuildFile; fileRef = 5D517AE6169E1B82005504C3 /* AppDelegate.m */; };
		5D517AE9169E1B82005504C3 /* Default.png in Resources */ = {isa = PBXBuildFile; fileRef = 5D517AE8169E1B82005504C3 /* Default.png */; };
		5D517AEB169E1B82005504C3 /* Default@2x.png in Resources */ = {isa = PBXBuildFile; fileRef = 5D517AEA169E1B82005504C3 /* Default@2x.png */; };
		5D517AED169E1B82005504C3 /* Default-568h@2x.png in Resources */ = {isa = PBXBuildFile; fileRef = 5D517AEC169E1B82005504C3 /* Default-568h@2x.png */; };
		5D517AF5169E1CC3005504C3 /* PostsViewController.m in Sources */ = {isa = PBXBuildFile; fileRef = 5D517AF4169E1CC3005504C3 /* PostsViewController.m */; };
		5D517B11169E1F6D005504C3 /* InputViewController.m in Sources */ = {isa = PBXBuildFile; fileRef = 5D517B0F169E1F6D005504C3 /* InputViewController.m */; };
		5D517B12169E1F6D005504C3 /* InputViewController.xib in Resources */ = {isa = PBXBuildFile; fileRef = 5D517B10169E1F6D005504C3 /* InputViewController.xib */; };
		5D517B14169E2797005504C3 /* CoreData.framework in Frameworks */ = {isa = PBXBuildFile; fileRef = 5D517B13169E2797005504C3 /* CoreData.framework */; };
		5D517B1D169E2A71005504C3 /* Post.m in Sources */ = {isa = PBXBuildFile; fileRef = 5D517B1C169E2A71005504C3 /* Post.m */; };
		5D517B2F169E2AA7005504C3 /* NSData+Base64.m in Sources */ = {isa = PBXBuildFile; fileRef = 5D517B21169E2AA7005504C3 /* NSData+Base64.m */; };
		5D517B30169E2AA7005504C3 /* NSMutableArray+NSRails.m in Sources */ = {isa = PBXBuildFile; fileRef = 5D517B23169E2AA7005504C3 /* NSMutableArray+NSRails.m */; };
		5D517B31169E2AA7005504C3 /* NSString+Inflection.m in Sources */ = {isa = PBXBuildFile; fileRef = 5D517B25169E2AA7005504C3 /* NSString+Inflection.m */; };
		5D517B32169E2AA7005504C3 /* NSRConfig.m in Sources */ = {isa = PBXBuildFile; fileRef = 5D517B28169E2AA7005504C3 /* NSRConfig.m */; };
		5D517B33169E2AA7005504C3 /* NSRRemoteManagedObject.m in Sources */ = {isa = PBXBuildFile; fileRef = 5D517B2A169E2AA7005504C3 /* NSRRemoteManagedObject.m */; };
		5D517B34169E2AA7005504C3 /* NSRRemoteObject.m in Sources */ = {isa = PBXBuildFile; fileRef = 5D517B2C169E2AA7005504C3 /* NSRRemoteObject.m */; };
		5D517B35169E2AA7005504C3 /* NSRRequest.m in Sources */ = {isa = PBXBuildFile; fileRef = 5D517B2E169E2AA7005504C3 /* NSRRequest.m */; };
/* End PBXBuildFile section */

/* Begin PBXFileReference section */
		5D517AD2169E1B82005504C3 /* RailsDemo.app */ = {isa = PBXFileReference; explicitFileType = wrapper.application; includeInIndex = 0; path = RailsDemo.app; sourceTree = BUILT_PRODUCTS_DIR; };
		5D517AD6169E1B82005504C3 /* UIKit.framework */ = {isa = PBXFileReference; lastKnownFileType = wrapper.framework; name = UIKit.framework; path = System/Library/Frameworks/UIKit.framework; sourceTree = SDKROOT; };
		5D517AD8169E1B82005504C3 /* Foundation.framework */ = {isa = PBXFileReference; lastKnownFileType = wrapper.framework; name = Foundation.framework; path = System/Library/Frameworks/Foundation.framework; sourceTree = SDKROOT; };
		5D517ADA169E1B82005504C3 /* CoreGraphics.framework */ = {isa = PBXFileReference; lastKnownFileType = wrapper.framework; name = CoreGraphics.framework; path = System/Library/Frameworks/CoreGraphics.framework; sourceTree = SDKROOT; };
		5D517ADE169E1B82005504C3 /* RailsDemo-Info.plist */ = {isa = PBXFileReference; lastKnownFileType = text.plist.xml; path = "RailsDemo-Info.plist"; sourceTree = "<group>"; };
		5D517AE0169E1B82005504C3 /* en */ = {isa = PBXFileReference; lastKnownFileType = text.plist.strings; name = en; path = en.lproj/InfoPlist.strings; sourceTree = "<group>"; };
		5D517AE2169E1B82005504C3 /* main.m */ = {isa = PBXFileReference; lastKnownFileType = sourcecode.c.objc; path = main.m; sourceTree = "<group>"; };
		5D517AE4169E1B82005504C3 /* RailsDemo-Prefix.pch */ = {isa = PBXFileReference; lastKnownFileType = sourcecode.c.h; path = "RailsDemo-Prefix.pch"; sourceTree = "<group>"; };
		5D517AE5169E1B82005504C3 /* AppDelegate.h */ = {isa = PBXFileReference; lastKnownFileType = sourcecode.c.h; path = AppDelegate.h; sourceTree = "<group>"; };
		5D517AE6169E1B82005504C3 /* AppDelegate.m */ = {isa = PBXFileReference; lastKnownFileType = sourcecode.c.objc; path = AppDelegate.m; sourceTree = "<group>"; };
		5D517AE8169E1B82005504C3 /* Default.png */ = {isa = PBXFileReference; lastKnownFileType = image.png; path = Default.png; sourceTree = "<group>"; };
		5D517AEA169E1B82005504C3 /* Default@2x.png */ = {isa = PBXFileReference; lastKnownFileType = image.png; path = "Default@2x.png"; sourceTree = "<group>"; };
		5D517AEC169E1B82005504C3 /* Default-568h@2x.png */ = {isa = PBXFileReference; lastKnownFileType = image.png; path = "Default-568h@2x.png"; sourceTree = "<group>"; };
		5D517AF3169E1CC2005504C3 /* PostsViewController.h */ = {isa = PBXFileReference; fileEncoding = 4; lastKnownFileType = sourcecode.c.h; path = PostsViewController.h; sourceTree = "<group>"; };
		5D517AF4169E1CC3005504C3 /* PostsViewController.m */ = {isa = PBXFileReference; fileEncoding = 4; lastKnownFileType = sourcecode.c.objc; path = PostsViewController.m; sourceTree = "<group>"; };
		5D517B0E169E1F6D005504C3 /* InputViewController.h */ = {isa = PBXFileReference; fileEncoding = 4; lastKnownFileType = sourcecode.c.h; path = InputViewController.h; sourceTree = "<group>"; };
		5D517B0F169E1F6D005504C3 /* InputViewController.m */ = {isa = PBXFileReference; fileEncoding = 4; lastKnownFileType = sourcecode.c.objc; path = InputViewController.m; sourceTree = "<group>"; };
		5D517B10169E1F6D005504C3 /* InputViewController.xib */ = {isa = PBXFileReference; fileEncoding = 4; lastKnownFileType = file.xib; path = InputViewController.xib; sourceTree = "<group>"; };
		5D517B13169E2797005504C3 /* CoreData.framework */ = {isa = PBXFileReference; lastKnownFileType = wrapper.framework; name = CoreData.framework; path = System/Library/Frameworks/CoreData.framework; sourceTree = SDKROOT; };
		5D517B1B169E2A71005504C3 /* Post.h */ = {isa = PBXFileReference; fileEncoding = 4; lastKnownFileType = sourcecode.c.h; name = Post.h; path = RailsDemo/Post.h; sourceTree = "<group>"; };
		5D517B1C169E2A71005504C3 /* Post.m */ = {isa = PBXFileReference; fileEncoding = 4; lastKnownFileType = sourcecode.c.objc; name = Post.m; path = RailsDemo/Post.m; sourceTree = "<group>"; };
		5D517B20169E2AA7005504C3 /* NSData+Base64.h */ = {isa = PBXFileReference; fileEncoding = 4; lastKnownFileType = sourcecode.c.h; path = "NSData+Base64.h"; sourceTree = "<group>"; };
		5D517B21169E2AA7005504C3 /* NSData+Base64.m */ = {isa = PBXFileReference; fileEncoding = 4; lastKnownFileType = sourcecode.c.objc; path = "NSData+Base64.m"; sourceTree = "<group>"; };
		5D517B22169E2AA7005504C3 /* NSMutableArray+NSRails.h */ = {isa = PBXFileReference; fileEncoding = 4; lastKnownFileType = sourcecode.c.h; path = "NSMutableArray+NSRails.h"; sourceTree = "<group>"; };
		5D517B23169E2AA7005504C3 /* NSMutableArray+NSRails.m */ = {isa = PBXFileReference; fileEncoding = 4; lastKnownFileType = sourcecode.c.objc; path = "NSMutableArray+NSRails.m"; sourceTree = "<group>"; };
		5D517B24169E2AA7005504C3 /* NSString+Inflection.h */ = {isa = PBXFileReference; fileEncoding = 4; lastKnownFileType = sourcecode.c.h; path = "NSString+Inflection.h"; sourceTree = "<group>"; };
		5D517B25169E2AA7005504C3 /* NSString+Inflection.m */ = {isa = PBXFileReference; fileEncoding = 4; lastKnownFileType = sourcecode.c.objc; path = "NSString+Inflection.m"; sourceTree = "<group>"; };
		5D517B26169E2AA7005504C3 /* NSRails.h */ = {isa = PBXFileReference; fileEncoding = 4; lastKnownFileType = sourcecode.c.h; path = NSRails.h; sourceTree = "<group>"; };
		5D517B27169E2AA7005504C3 /* NSRConfig.h */ = {isa = PBXFileReference; fileEncoding = 4; lastKnownFileType = sourcecode.c.h; path = NSRConfig.h; sourceTree = "<group>"; };
		5D517B28169E2AA7005504C3 /* NSRConfig.m */ = {isa = PBXFileReference; fileEncoding = 4; lastKnownFileType = sourcecode.c.objc; path = NSRConfig.m; sourceTree = "<group>"; };
		5D517B29169E2AA7005504C3 /* NSRRemoteManagedObject.h */ = {isa = PBXFileReference; fileEncoding = 4; lastKnownFileType = sourcecode.c.h; path = NSRRemoteManagedObject.h; sourceTree = "<group>"; };
		5D517B2A169E2AA7005504C3 /* NSRRemoteManagedObject.m */ = {isa = PBXFileReference; fileEncoding = 4; lastKnownFileType = sourcecode.c.objc; path = NSRRemoteManagedObject.m; sourceTree = "<group>"; };
		5D517B2B169E2AA7005504C3 /* NSRRemoteObject.h */ = {isa = PBXFileReference; fileEncoding = 4; lastKnownFileType = sourcecode.c.h; path = NSRRemoteObject.h; sourceTree = "<group>"; };
		5D517B2C169E2AA7005504C3 /* NSRRemoteObject.m */ = {isa = PBXFileReference; fileEncoding = 4; lastKnownFileType = sourcecode.c.objc; path = NSRRemoteObject.m; sourceTree = "<group>"; };
		5D517B2D169E2AA7005504C3 /* NSRRequest.h */ = {isa = PBXFileReference; fileEncoding = 4; lastKnownFileType = sourcecode.c.h; path = NSRRequest.h; sourceTree = "<group>"; };
		5D517B2E169E2AA7005504C3 /* NSRRequest.m */ = {isa = PBXFileReference; fileEncoding = 4; lastKnownFileType = sourcecode.c.objc; path = NSRRequest.m; sourceTree = "<group>"; };
/* End PBXFileReference section */

/* Begin PBXFrameworksBuildPhase section */
		5D517ACF169E1B82005504C3 /* Frameworks */ = {
			isa = PBXFrameworksBuildPhase;
			buildActionMask = 2147483647;
			files = (
				5D517B14169E2797005504C3 /* CoreData.framework in Frameworks */,
				5D517AD7169E1B82005504C3 /* UIKit.framework in Frameworks */,
				5D517AD9169E1B82005504C3 /* Foundation.framework in Frameworks */,
				5D517ADB169E1B82005504C3 /* CoreGraphics.framework in Frameworks */,
			);
			runOnlyForDeploymentPostprocessing = 0;
		};
/* End PBXFrameworksBuildPhase section */

/* Begin PBXGroup section */
		5D517AC7169E1B82005504C3 = {
			isa = PBXGroup;
			children = (
				5D517B1B169E2A71005504C3 /* Post.h */,
				5D517B1C169E2A71005504C3 /* Post.m */,
				5D517ADC169E1B82005504C3 /* RailsDemo */,
				5D517AD5169E1B82005504C3 /* Frameworks */,
				5D517AD3169E1B82005504C3 /* Products */,
			);
			sourceTree = "<group>";
		};
		5D517AD3169E1B82005504C3 /* Products */ = {
			isa = PBXGroup;
			children = (
				5D517AD2169E1B82005504C3 /* RailsDemo.app */,
			);
			name = Products;
			sourceTree = "<group>";
		};
		5D517AD5169E1B82005504C3 /* Frameworks */ = {
			isa = PBXGroup;
			children = (
				5D517B1E169E2AA7005504C3 /* NSRails */,
				5D517B13169E2797005504C3 /* CoreData.framework */,
				5D517AD6169E1B82005504C3 /* UIKit.framework */,
				5D517AD8169E1B82005504C3 /* Foundation.framework */,
				5D517ADA169E1B82005504C3 /* CoreGraphics.framework */,
			);
			name = Frameworks;
			sourceTree = "<group>";
		};
		5D517ADC169E1B82005504C3 /* RailsDemo */ = {
			isa = PBXGroup;
			children = (
				5D517AE5169E1B82005504C3 /* AppDelegate.h */,
				5D517AE6169E1B82005504C3 /* AppDelegate.m */,
				5D517AF3169E1CC2005504C3 /* PostsViewController.h */,
				5D517AF4169E1CC3005504C3 /* PostsViewController.m */,
				5D517B0E169E1F6D005504C3 /* InputViewController.h */,
				5D517B0F169E1F6D005504C3 /* InputViewController.m */,
				5D517B10169E1F6D005504C3 /* InputViewController.xib */,
				5D517ADD169E1B82005504C3 /* Supporting Files */,
			);
			path = RailsDemo;
			sourceTree = "<group>";
		};
		5D517ADD169E1B82005504C3 /* Supporting Files */ = {
			isa = PBXGroup;
			children = (
				5D517ADE169E1B82005504C3 /* RailsDemo-Info.plist */,
				5D517ADF169E1B82005504C3 /* InfoPlist.strings */,
				5D517AE2169E1B82005504C3 /* main.m */,
				5D517AE4169E1B82005504C3 /* RailsDemo-Prefix.pch */,
				5D517AE8169E1B82005504C3 /* Default.png */,
				5D517AEA169E1B82005504C3 /* Default@2x.png */,
				5D517AEC169E1B82005504C3 /* Default-568h@2x.png */,
			);
			name = "Supporting Files";
			sourceTree = "<group>";
		};
		5D517B1E169E2AA7005504C3 /* NSRails */ = {
			isa = PBXGroup;
			children = (
				5D517B1F169E2AA7005504C3 /* Categories */,
				5D517B26169E2AA7005504C3 /* NSRails.h */,
				5D517B27169E2AA7005504C3 /* NSRConfig.h */,
				5D517B28169E2AA7005504C3 /* NSRConfig.m */,
				5D517B29169E2AA7005504C3 /* NSRRemoteManagedObject.h */,
				5D517B2A169E2AA7005504C3 /* NSRRemoteManagedObject.m */,
				5D517B2B169E2AA7005504C3 /* NSRRemoteObject.h */,
				5D517B2C169E2AA7005504C3 /* NSRRemoteObject.m */,
				5D517B2D169E2AA7005504C3 /* NSRRequest.h */,
				5D517B2E169E2AA7005504C3 /* NSRRequest.m */,
			);
			name = NSRails;
			path = RailsDemo/Source;
			sourceTree = "<group>";
		};
		5D517B1F169E2AA7005504C3 /* Categories */ = {
			isa = PBXGroup;
			children = (
				5D517B20169E2AA7005504C3 /* NSData+Base64.h */,
				5D517B21169E2AA7005504C3 /* NSData+Base64.m */,
				5D517B22169E2AA7005504C3 /* NSMutableArray+NSRails.h */,
				5D517B23169E2AA7005504C3 /* NSMutableArray+NSRails.m */,
				5D517B24169E2AA7005504C3 /* NSString+Inflection.h */,
				5D517B25169E2AA7005504C3 /* NSString+Inflection.m */,
			);
			path = Categories;
			sourceTree = "<group>";
		};
/* End PBXGroup section */

/* Begin PBXNativeTarget section */
		5D517AD1169E1B82005504C3 /* RailsDemo */ = {
			isa = PBXNativeTarget;
			buildConfigurationList = 5D517AF0169E1B82005504C3 /* Build configuration list for PBXNativeTarget "RailsDemo" */;
			buildPhases = (
				5D517ACE169E1B82005504C3 /* Sources */,
				5D517ACF169E1B82005504C3 /* Frameworks */,
				5D517AD0169E1B82005504C3 /* Resources */,
			);
			buildRules = (
			);
			dependencies = (
			);
			name = RailsDemo;
			productName = RailsDemo;
			productReference = 5D517AD2169E1B82005504C3 /* RailsDemo.app */;
			productType = "com.apple.product-type.application";
		};
/* End PBXNativeTarget section */

/* Begin PBXProject section */
		5D517AC9169E1B82005504C3 /* Project object */ = {
			isa = PBXProject;
			attributes = {
				LastUpgradeCheck = 0450;
				ORGANIZATIONNAME = "Joseph Levin";
			};
			buildConfigurationList = 5D517ACC169E1B82005504C3 /* Build configuration list for PBXProject "RailsDemo" */;
			compatibilityVersion = "Xcode 3.2";
			developmentRegion = English;
			hasScannedForEncodings = 0;
			knownRegions = (
				en,
			);
			mainGroup = 5D517AC7169E1B82005504C3;
			productRefGroup = 5D517AD3169E1B82005504C3 /* Products */;
			projectDirPath = "";
			projectRoot = "";
			targets = (
				5D517AD1169E1B82005504C3 /* RailsDemo */,
			);
		};
/* End PBXProject section */

/* Begin PBXResourcesBuildPhase section */
		5D517AD0169E1B82005504C3 /* Resources */ = {
			isa = PBXResourcesBuildPhase;
			buildActionMask = 2147483647;
			files = (
				5D517AE1169E1B82005504C3 /* InfoPlist.strings in Resources */,
				5D517AE9169E1B82005504C3 /* Default.png in Resources */,
				5D517AEB169E1B82005504C3 /* Default@2x.png in Resources */,
				5D517AED169E1B82005504C3 /* Default-568h@2x.png in Resources */,
				5D517B12169E1F6D005504C3 /* InputViewController.xib in Resources */,
			);
			runOnlyForDeploymentPostprocessing = 0;
		};
/* End PBXResourcesBuildPhase section */

/* Begin PBXSourcesBuildPhase section */
		5D517ACE169E1B82005504C3 /* Sources */ = {
			isa = PBXSourcesBuildPhase;
			buildActionMask = 2147483647;
			files = (
				5D517AE3169E1B82005504C3 /* main.m in Sources */,
				5D517AE7169E1B82005504C3 /* AppDelegate.m in Sources */,
				5D517AF5169E1CC3005504C3 /* PostsViewController.m in Sources */,
				5D517B11169E1F6D005504C3 /* InputViewController.m in Sources */,
				5D517B1D169E2A71005504C3 /* Post.m in Sources */,
				5D517B2F169E2AA7005504C3 /* NSData+Base64.m in Sources */,
				5D517B30169E2AA7005504C3 /* NSMutableArray+NSRails.m in Sources */,
				5D517B31169E2AA7005504C3 /* NSString+Inflection.m in Sources */,
				5D517B32169E2AA7005504C3 /* NSRConfig.m in Sources */,
				5D517B33169E2AA7005504C3 /* NSRRemoteManagedObject.m in Sources */,
				5D517B34169E2AA7005504C3 /* NSRRemoteObject.m in Sources */,
				5D517B35169E2AA7005504C3 /* NSRRequest.m in Sources */,
			);
			runOnlyForDeploymentPostprocessing = 0;
		};
/* End PBXSourcesBuildPhase section */

/* Begin PBXVariantGroup section */
		5D517ADF169E1B82005504C3 /* InfoPlist.strings */ = {
			isa = PBXVariantGroup;
			children = (
				5D517AE0169E1B82005504C3 /* en */,
			);
			name = InfoPlist.strings;
			sourceTree = "<group>";
		};
/* End PBXVariantGroup section */

/* Begin XCBuildConfiguration section */
		5D517AEE169E1B82005504C3 /* Debug */ = {
			isa = XCBuildConfiguration;
			buildSettings = {
				ALWAYS_SEARCH_USER_PATHS = NO;
				CLANG_CXX_LANGUAGE_STANDARD = "gnu++0x";
				CLANG_CXX_LIBRARY = "libc++";
				CLANG_WARN_EMPTY_BODY = YES;
				CLANG_WARN__DUPLICATE_METHOD_MATCH = YES;
				"CODE_SIGN_IDENTITY[sdk=iphoneos*]" = "iPhone Developer";
				COPY_PHASE_STRIP = NO;
				GCC_C_LANGUAGE_STANDARD = gnu99;
				GCC_DYNAMIC_NO_PIC = NO;
				GCC_OPTIMIZATION_LEVEL = 0;
				GCC_PREPROCESSOR_DEFINITIONS = (
					"DEBUG=1",
					"$(inherited)",
				);
				GCC_SYMBOLS_PRIVATE_EXTERN = NO;
				GCC_WARN_ABOUT_RETURN_TYPE = YES;
				GCC_WARN_UNINITIALIZED_AUTOS = YES;
				GCC_WARN_UNUSED_VARIABLE = YES;
				IPHONEOS_DEPLOYMENT_TARGET = 5.1;
				ONLY_ACTIVE_ARCH = YES;
				SDKROOT = iphoneos;
			};
			name = Debug;
		};
		5D517AEF169E1B82005504C3 /* Release */ = {
			isa = XCBuildConfiguration;
			buildSettings = {
				ALWAYS_SEARCH_USER_PATHS = NO;
				CLANG_CXX_LANGUAGE_STANDARD = "gnu++0x";
				CLANG_CXX_LIBRARY = "libc++";
				CLANG_WARN_EMPTY_BODY = YES;
				CLANG_WARN__DUPLICATE_METHOD_MATCH = YES;
				"CODE_SIGN_IDENTITY[sdk=iphoneos*]" = "iPhone Developer";
				COPY_PHASE_STRIP = YES;
				GCC_C_LANGUAGE_STANDARD = gnu99;
				GCC_WARN_ABOUT_RETURN_TYPE = YES;
				GCC_WARN_UNINITIALIZED_AUTOS = YES;
				GCC_WARN_UNUSED_VARIABLE = YES;
				IPHONEOS_DEPLOYMENT_TARGET = 5.1;
				OTHER_CFLAGS = "-DNS_BLOCK_ASSERTIONS=1";
				SDKROOT = iphoneos;
				VALIDATE_PRODUCT = YES;
			};
			name = Release;
		};
		5D517AF1169E1B82005504C3 /* Debug */ = {
			isa = XCBuildConfiguration;
			buildSettings = {
				CLANG_ENABLE_OBJC_ARC = YES;
				GCC_PRECOMPILE_PREFIX_HEADER = YES;
				GCC_PREFIX_HEADER = "RailsDemo/RailsDemo-Prefix.pch";
				INFOPLIST_FILE = "RailsDemo/RailsDemo-Info.plist";
				IPHONEOS_DEPLOYMENT_TARGET = 5.1;
				PRODUCT_NAME = "$(TARGET_NAME)";
				WRAPPER_EXTENSION = app;
			};
			name = Debug;
		};
		5D517AF2169E1B82005504C3 /* Release */ = {
			isa = XCBuildConfiguration;
			buildSettings = {
				CLANG_ENABLE_OBJC_ARC = YES;
				GCC_PRECOMPILE_PREFIX_HEADER = YES;
				GCC_PREFIX_HEADER = "RailsDemo/RailsDemo-Prefix.pch";
				INFOPLIST_FILE = "RailsDemo/RailsDemo-Info.plist";
				IPHONEOS_DEPLOYMENT_TARGET = 5.1;
				PRODUCT_NAME = "$(TARGET_NAME)";
				WRAPPER_EXTENSION = app;
			};
			name = Release;
		};
/* End XCBuildConfiguration section */

/* Begin XCConfigurationList section */
		5D517ACC169E1B82005504C3 /* Build configuration list for PBXProject "RailsDemo" */ = {
			isa = XCConfigurationList;
			buildConfigurations = (
				5D517AEE169E1B82005504C3 /* Debug */,
				5D517AEF169E1B82005504C3 /* Release */,
			);
			defaultConfigurationIsVisible = 0;
			defaultConfigurationName = Release;
		};
		5D517AF0169E1B82005504C3 /* Build configuration list for PBXNativeTarget "RailsDemo" */ = {
			isa = XCConfigurationList;
			buildConfigurations = (
				5D517AF1169E1B82005504C3 /* Debug */,
				5D517AF2169E1B82005504C3 /* Release */,
			);
			defaultConfigurationIsVisible = 0;
		};
/* End XCConfigurationList section */
	};
	rootObject = 5D517AC9169E1B82005504C3 /* Project object */;
}
